
Microsoft Visual Studio Solution File, Format Version 12.00
# Visual Studio Version 17
VisualStudioVersion = 17.9.34607.119
MinimumVisualStudioVersion = 10.0.40219.1
Project("{FAE04EC0-301F-11D3-BF4B-00C04F79EFBC}") = "VideoPlayerAPI", "VideoPlayerAPI\VideoPlayerAPI.csproj", "{08E4BC72-EDAA-4893-B291-832762BD6537}"
EndProject
Global
	GlobalSection(SolutionConfigurationPlatforms) = preSolution
		Debug|Any CPU = Debug|Any CPU
		Release|Any CPU = Release|Any CPU
	EndGlobalSection
	GlobalSection(ProjectConfigurationPlatforms) = postSolution
		{08E4BC72-EDAA-4893-B291-832762BD6537}.Debug|Any CPU.ActiveCfg = Debug|Any CPU
		{08E4BC72-EDAA-4893-B291-832762BD6537}.Debug|Any CPU.Build.0 = Debug|Any CPU
		{08E4BC72-EDAA-4893-B291-832762BD6537}.Release|Any CPU.ActiveCfg = Release|Any CPU
		{08E4BC72-EDAA-4893-B291-832762BD6537}.Release|Any CPU.Build.0 = Release|Any CPU
	EndGlobalSection
	GlobalSection(SolutionProperties) = preSolution
		HideSolutionNode = FALSE
	EndGlobalSection
	GlobalSection(ExtensibilityGlobals) = postSolution
		SolutionGuid = {52CFFA29-9440-45ED-AF59-68CCDF8381C5}
	EndGlobalSection
EndGlobal
